
Microsoft Visual Studio Solution File, Format Version 12.00
# Visual Studio Version 17
VisualStudioVersion = 17.9.34728.123
MinimumVisualStudioVersion = 10.0.40219.1
Project("{FAE04EC0-301F-11D3-BF4B-00C04F79EFBC}") = "AnimePI.Api", "AnimePI.Api\AnimePI.Api.csproj", "{47F70312-28B5-4C4D-9D50-E75C0BCC3B02}"
EndProject
Project("{FAE04EC0-301F-11D3-BF4B-00C04F79EFBC}") = "AnimePI.Application", "AnimePI.Application\AnimePI.Application.csproj", "{615A9EC5-2B78-4469-BA5B-E8F9A15221F1}"
EndProject
Project("{FAE04EC0-301F-11D3-BF4B-00C04F79EFBC}") = "AnimePI.Domain", "AnimePI.Domain\AnimePI.Domain.csproj", "{C02B0818-B6A4-40D7-B553-F5475FDA662F}"
EndProject
Project("{FAE04EC0-301F-11D3-BF4B-00C04F79EFBC}") = "AnimePI.Infra", "AnimePI.Infra\AnimePI.Infra.csproj", "{0A7F0414-4399-40AC-B50A-CAD9C8B429E7}"
EndProject
Project("{FAE04EC0-301F-11D3-BF4B-00C04F79EFBC}") = "AnimePI.Tests", "AnimePI.Tests\AnimePI.Tests.csproj", "{E8D586A5-C1B4-4230-917D-6636C89CD67B}"
EndProject
Global
	GlobalSection(SolutionConfigurationPlatforms) = preSolution
		Debug|Any CPU = Debug|Any CPU
		Release|Any CPU = Release|Any CPU
	EndGlobalSection
	GlobalSection(ProjectConfigurationPlatforms) = postSolution
		{47F70312-28B5-4C4D-9D50-E75C0BCC3B02}.Debug|Any CPU.ActiveCfg = Debug|Any CPU
		{47F70312-28B5-4C4D-9D50-E75C0BCC3B02}.Debug|Any CPU.Build.0 = Debug|Any CPU
		{47F70312-28B5-4C4D-9D50-E75C0BCC3B02}.Release|Any CPU.ActiveCfg = Release|Any CPU
		{47F70312-28B5-4C4D-9D50-E75C0BCC3B02}.Release|Any CPU.Build.0 = Release|Any CPU
		{615A9EC5-2B78-4469-BA5B-E8F9A15221F1}.Debug|Any CPU.ActiveCfg = Debug|Any CPU
		{615A9EC5-2B78-4469-BA5B-E8F9A15221F1}.Debug|Any CPU.Build.0 = Debug|Any CPU
		{615A9EC5-2B78-4469-BA5B-E8F9A15221F1}.Release|Any CPU.ActiveCfg = Release|Any CPU
		{615A9EC5-2B78-4469-BA5B-E8F9A15221F1}.Release|Any CPU.Build.0 = Release|Any CPU
		{C02B0818-B6A4-40D7-B553-F5475FDA662F}.Debug|Any CPU.ActiveCfg = Debug|Any CPU
		{C02B0818-B6A4-40D7-B553-F5475FDA662F}.Debug|Any CPU.Build.0 = Debug|Any CPU
		{C02B0818-B6A4-40D7-B553-F5475FDA662F}.Release|Any CPU.ActiveCfg = Release|Any CPU
		{C02B0818-B6A4-40D7-B553-F5475FDA662F}.Release|Any CPU.Build.0 = Release|Any CPU
		{0A7F0414-4399-40AC-B50A-CAD9C8B429E7}.Debug|Any CPU.ActiveCfg = Debug|Any CPU
		{0A7F0414-4399-40AC-B50A-CAD9C8B429E7}.Debug|Any CPU.Build.0 = Debug|Any CPU
		{0A7F0414-4399-40AC-B50A-CAD9C8B429E7}.Release|Any CPU.ActiveCfg = Release|Any CPU
		{0A7F0414-4399-40AC-B50A-CAD9C8B429E7}.Release|Any CPU.Build.0 = Release|Any CPU
		{E8D586A5-C1B4-4230-917D-6636C89CD67B}.Debug|Any CPU.ActiveCfg = Debug|Any CPU
		{E8D586A5-C1B4-4230-917D-6636C89CD67B}.Debug|Any CPU.Build.0 = Debug|Any CPU
		{E8D586A5-C1B4-4230-917D-6636C89CD67B}.Release|Any CPU.ActiveCfg = Release|Any CPU
		{E8D586A5-C1B4-4230-917D-6636C89CD67B}.Release|Any CPU.Build.0 = Release|Any CPU
	EndGlobalSection
	GlobalSection(SolutionProperties) = preSolution
		HideSolutionNode = FALSE
	EndGlobalSection
	GlobalSection(ExtensibilityGlobals) = postSolution
		SolutionGuid = {F24D102B-A7E4-455F-AB2C-EADFE446050E}
	EndGlobalSection
EndGlobal
